// !$*UTF8*$!
{
	archiveVersion = 1;
	classes = {
	};
	objectVersion = 46;
	objects = {

/* Begin PBXBuildFile section */
		98A2238D1A08DAC600ABE179 /* AppDelegate.swift in Sources */ = {isa = PBXBuildFile; fileRef = 98A2238C1A08DAC600ABE179 /* AppDelegate.swift */; };
		98A2238F1A08DAC600ABE179 /* ViewController.swift in Sources */ = {isa = PBXBuildFile; fileRef = 98A2238E1A08DAC600ABE179 /* ViewController.swift */; };
		98A223921A08DAC600ABE179 /* Main.storyboard in Resources */ = {isa = PBXBuildFile; fileRef = 98A223901A08DAC600ABE179 /* Main.storyboard */; };
		98A223941A08DAC600ABE179 /* Images.xcassets in Resources */ = {isa = PBXBuildFile; fileRef = 98A223931A08DAC600ABE179 /* Images.xcassets */; };
		98A223971A08DAC600ABE179 /* LaunchScreen.xib in Resources */ = {isa = PBXBuildFile; fileRef = 98A223951A08DAC600ABE179 /* LaunchScreen.xib */; };
		98A223A31A08DAC600ABE179 /* PostcardTests.swift in Sources */ = {isa = PBXBuildFile; fileRef = 98A223A21A08DAC600ABE179 /* PostcardTests.swift */; };
		98A223AD1A08E16E00ABE179 /* SagradaFamilia.jpeg in Resources */ = {isa = PBXBuildFile; fileRef = 98A223AC1A08E16E00ABE179 /* SagradaFamilia.jpeg */; };
		98A223AF1A08E3EE00ABE179 /* AlbertEinsteinStamp.jpg in Resources */ = {isa = PBXBuildFile; fileRef = 98A223AE1A08E3EE00ABE179 /* AlbertEinsteinStamp.jpg */; };
/* End PBXBuildFile section */

/* Begin PBXContainerItemProxy section */
		98A2239D1A08DAC600ABE179 /* PBXContainerItemProxy */ = {
			isa = PBXContainerItemProxy;
			containerPortal = 98A2237F1A08DAC600ABE179 /* Project object */;
			proxyType = 1;
			remoteGlobalIDString = 98A223861A08DAC600ABE179;
			remoteInfo = Postcard;
		};
/* End PBXContainerItemProxy section */

/* Begin PBXFileReference section */
		98A223871A08DAC600ABE179 /* Postcard.app */ = {isa = PBXFileReference; explicitFileType = wrapper.application; includeInIndex = 0; path = Postcard.app; sourceTree = BUILT_PRODUCTS_DIR; };
		98A2238B1A08DAC600ABE179 /* Info.plist */ = {isa = PBXFileReference; lastKnownFileType = text.plist.xml; path = Info.plist; sourceTree = "<group>"; };
		98A2238C1A08DAC600ABE179 /* AppDelegate.swift */ = {isa = PBXFileReference; lastKnownFileType = sourcecode.swift; path = AppDelegate.swift; sourceTree = "<group>"; };
		98A2238E1A08DAC600ABE179 /* ViewController.swift */ = {isa = PBXFileReference; lastKnownFileType = sourcecode.swift; path = ViewController.swift; sourceTree = "<group>"; };
		98A223911A08DAC600ABE179 /* Base */ = {isa = PBXFileReference; lastKnownFileType = file.storyboard; name = Base; path = Base.lproj/Main.storyboard; sourceTree = "<group>"; };
		98A223931A08DAC600ABE179 /* Images.xcassets */ = {isa = PBXFileReference; lastKnownFileType = folder.assetcatalog; path = Images.xcassets; sourceTree = "<group>"; };
		98A223961A08DAC600ABE179 /* Base */ = {isa = PBXFileReference; lastKnownFileType = file.xib; name = Base; path = Base.lproj/LaunchScreen.xib; sourceTree = "<group>"; };
		98A2239C1A08DAC600ABE179 /* PostcardTests.xctest */ = {isa = PBXFileReference; explicitFileType = wrapper.cfbundle; includeInIndex = 0; path = PostcardTests.xctest; sourceTree = BUILT_PRODUCTS_DIR; };
		98A223A11A08DAC600ABE179 /* Info.plist */ = {isa = PBXFileReference; lastKnownFileType = text.plist.xml; path = Info.plist; sourceTree = "<group>"; };
		98A223A21A08DAC600ABE179 /* PostcardTests.swift */ = {isa = PBXFileReference; lastKnownFileType = sourcecode.swift; path = PostcardTests.swift; sourceTree = "<group>"; };
		98A223AC1A08E16E00ABE179 /* SagradaFamilia.jpeg */ = {isa = PBXFileReference; lastKnownFileType = image.jpeg; path = SagradaFamilia.jpeg; sourceTree = "<group>"; };
		98A223AE1A08E3EE00ABE179 /* AlbertEinsteinStamp.jpg */ = {isa = PBXFileReference; lastKnownFileType = image.jpeg; path = AlbertEinsteinStamp.jpg; sourceTree = "<group>"; };
/* End PBXFileReference section */

/* Begin PBXFrameworksBuildPhase section */
		98A223841A08DAC600ABE179 /* Frameworks */ = {
			isa = PBXFrameworksBuildPhase;
			buildActionMask = 2147483647;
			files = (
			);
			runOnlyForDeploymentPostprocessing = 0;
		};
		98A223991A08DAC600ABE179 /* Frameworks */ = {
			isa = PBXFrameworksBuildPhase;
			buildActionMask = 2147483647;
			files = (
			);
			runOnlyForDeploymentPostprocessing = 0;
		};
/* End PBXFrameworksBuildPhase section */

/* Begin PBXGroup section */
		98A2237E1A08DAC600ABE179 = {
			isa = PBXGroup;
			children = (
				98A223891A08DAC600ABE179 /* Postcard */,
				98A2239F1A08DAC600ABE179 /* PostcardTests */,
				98A223881A08DAC600ABE179 /* Products */,
			);
			sourceTree = "<group>";
		};
		98A223881A08DAC600ABE179 /* Products */ = {
			isa = PBXGroup;
			children = (
				98A223871A08DAC600ABE179 /* Postcard.app */,
				98A2239C1A08DAC600ABE179 /* PostcardTests.xctest */,
			);
			name = Products;
			sourceTree = "<group>";
		};
		98A223891A08DAC600ABE179 /* Postcard */ = {
			isa = PBXGroup;
			children = (
				98A2238C1A08DAC600ABE179 /* AppDelegate.swift */,
				98A2238E1A08DAC600ABE179 /* ViewController.swift */,
				98A223901A08DAC600ABE179 /* Main.storyboard */,
				98A223931A08DAC600ABE179 /* Images.xcassets */,
				98A223951A08DAC600ABE179 /* LaunchScreen.xib */,
				98A2238A1A08DAC600ABE179 /* Supporting Files */,
			);
			path = Postcard;
			sourceTree = "<group>";
		};
		98A2238A1A08DAC600ABE179 /* Supporting Files */ = {
			isa = PBXGroup;
			children = (
				98A223AE1A08E3EE00ABE179 /* AlbertEinsteinStamp.jpg */,
				98A223AC1A08E16E00ABE179 /* SagradaFamilia.jpeg */,
				98A2238B1A08DAC600ABE179 /* Info.plist */,
			);
			name = "Supporting Files";
			sourceTree = "<group>";
		};
		98A2239F1A08DAC600ABE179 /* PostcardTests */ = {
			isa = PBXGroup;
			children = (
				98A223A21A08DAC600ABE179 /* PostcardTests.swift */,
				98A223A01A08DAC600ABE179 /* Supporting Files */,
			);
			path = PostcardTests;
			sourceTree = "<group>";
		};
		98A223A01A08DAC600ABE179 /* Supporting Files */ = {
			isa = PBXGroup;
			children = (
				98A223A11A08DAC600ABE179 /* Info.plist */,
			);
			name = "Supporting Files";
			sourceTree = "<group>";
		};
/* End PBXGroup section */

/* Begin PBXNativeTarget section */
		98A223861A08DAC600ABE179 /* Postcard */ = {
			isa = PBXNativeTarget;
			buildConfigurationList = 98A223A61A08DAC600ABE179 /* Build configuration list for PBXNativeTarget "Postcard" */;
			buildPhases = (
				98A223831A08DAC600ABE179 /* Sources */,
				98A223841A08DAC600ABE179 /* Frameworks */,
				98A223851A08DAC600ABE179 /* Resources */,
			);
			buildRules = (
			);
			dependencies = (
			);
			name = Postcard;
			productName = Postcard;
			productReference = 98A223871A08DAC600ABE179 /* Postcard.app */;
			productType = "com.apple.product-type.application";
		};
		98A2239B1A08DAC600ABE179 /* PostcardTests */ = {
			isa = PBXNativeTarget;
			buildConfigurationList = 98A223A91A08DAC600ABE179 /* Build configuration list for PBXNativeTarget "PostcardTests" */;
			buildPhases = (
				98A223981A08DAC600ABE179 /* Sources */,
				98A223991A08DAC600ABE179 /* Frameworks */,
				98A2239A1A08DAC600ABE179 /* Resources */,
			);
			buildRules = (
			);
			dependencies = (
				98A2239E1A08DAC600ABE179 /* PBXTargetDependency */,
			);
			name = PostcardTests;
			productName = PostcardTests;
			productReference = 98A2239C1A08DAC600ABE179 /* PostcardTests.xctest */;
			productType = "com.apple.product-type.bundle.unit-test";
		};
/* End PBXNativeTarget section */

/* Begin PBXProject section */
		98A2237F1A08DAC600ABE179 /* Project object */ = {
			isa = PBXProject;
			attributes = {
				LastUpgradeCheck = 0610;
				ORGANIZATIONNAME = "Ilyas Malgazhdarov";
				TargetAttributes = {
					98A223861A08DAC600ABE179 = {
						CreatedOnToolsVersion = 6.1;
					};
					98A2239B1A08DAC600ABE179 = {
						CreatedOnToolsVersion = 6.1;
						TestTargetID = 98A223861A08DAC600ABE179;
					};
				};
			};
			buildConfigurationList = 98A223821A08DAC600ABE179 /* Build configuration list for PBXProject "Postcard" */;
			compatibilityVersion = "Xcode 3.2";
			developmentRegion = English;
			hasScannedForEncodings = 0;
			knownRegions = (
				en,
				Base,
			);
			mainGroup = 98A2237E1A08DAC600ABE179;
			productRefGroup = 98A223881A08DAC600ABE179 /* Products */;
			projectDirPath = "";
			projectRoot = "";
			targets = (
				98A223861A08DAC600ABE179 /* Postcard */,
				98A2239B1A08DAC600ABE179 /* PostcardTests */,
			);
		};
/* End PBXProject section */

/* Begin PBXResourcesBuildPhase section */
		98A223851A08DAC600ABE179 /* Resources */ = {
			isa = PBXResourcesBuildPhase;
			buildActionMask = 2147483647;
			files = (
				98A223921A08DAC600ABE179 /* Main.storyboard in Resources */,
				98A223AD1A08E16E00ABE179 /* SagradaFamilia.jpeg in Resources */,
				98A223AF1A08E3EE00ABE179 /* AlbertEinsteinStamp.jpg in Resources */,
				98A223971A08DAC600ABE179 /* LaunchScreen.xib in Resources */,
				98A223941A08DAC600ABE179 /* Images.xcassets in Resources */,
			);
			runOnlyForDeploymentPostprocessing = 0;
		};
		98A2239A1A08DAC600ABE179 /* Resources */ = {
			isa = PBXResourcesBuildPhase;
			buildActionMask = 2147483647;
			files = (
			);
			runOnlyForDeploymentPostprocessing = 0;
		};
/* End PBXResourcesBuildPhase section */

/* Begin PBXSourcesBuildPhase section */
		98A223831A08DAC600ABE179 /* Sources */ = {
			isa = PBXSourcesBuildPhase;
			buildActionMask = 2147483647;
			files = (
				98A2238F1A08DAC600ABE179 /* ViewController.swift in Sources */,
				98A2238D1A08DAC600ABE179 /* AppDelegate.swift in Sources */,
			);
			runOnlyForDeploymentPostprocessing = 0;
		};
		98A223981A08DAC600ABE179 /* Sources */ = {
			isa = PBXSourcesBuildPhase;
			buildActionMask = 2147483647;
			files = (
				98A223A31A08DAC600ABE179 /* PostcardTests.swift in Sources */,
			);
			runOnlyForDeploymentPostprocessing = 0;
		};
/* End PBXSourcesBuildPhase section */

/* Begin PBXTargetDependency section */
		98A2239E1A08DAC600ABE179 /* PBXTargetDependency */ = {
			isa = PBXTargetDependency;
			target = 98A223861A08DAC600ABE179 /* Postcard */;
			targetProxy = 98A2239D1A08DAC600ABE179 /* PBXContainerItemProxy */;
		};
/* End PBXTargetDependency section */

/* Begin PBXVariantGroup section */
		98A223901A08DAC600ABE179 /* Main.storyboard */ = {
			isa = PBXVariantGroup;
			children = (
				98A223911A08DAC600ABE179 /* Base */,
			);
			name = Main.storyboard;
			sourceTree = "<group>";
		};
		98A223951A08DAC600ABE179 /* LaunchScreen.xib */ = {
			isa = PBXVariantGroup;
			children = (
				98A223961A08DAC600ABE179 /* Base */,
			);
			name = LaunchScreen.xib;
			sourceTree = "<group>";
		};
/* End PBXVariantGroup section */

/* Begin XCBuildConfiguration section */
		98A223A41A08DAC600ABE179 /* Debug */ = {
			isa = XCBuildConfiguration;
			buildSettings = {
				ALWAYS_SEARCH_USER_PATHS = NO;
				CLANG_CXX_LANGUAGE_STANDARD = "gnu++0x";
				CLANG_CXX_LIBRARY = "libc++";
				CLANG_ENABLE_MODULES = YES;
				CLANG_ENABLE_OBJC_ARC = YES;
				CLANG_WARN_BOOL_CONVERSION = YES;
				CLANG_WARN_CONSTANT_CONVERSION = YES;
				CLANG_WARN_DIRECT_OBJC_ISA_USAGE = YES_ERROR;
				CLANG_WARN_EMPTY_BODY = YES;
				CLANG_WARN_ENUM_CONVERSION = YES;
				CLANG_WARN_INT_CONVERSION = YES;
				CLANG_WARN_OBJC_ROOT_CLASS = YES_ERROR;
				CLANG_WARN_UNREACHABLE_CODE = YES;
				CLANG_WARN__DUPLICATE_METHOD_MATCH = YES;
				"CODE_SIGN_IDENTITY[sdk=iphoneos*]" = "iPhone Developer";
				COPY_PHASE_STRIP = NO;
				ENABLE_STRICT_OBJC_MSGSEND = YES;
				GCC_C_LANGUAGE_STANDARD = gnu99;
				GCC_DYNAMIC_NO_PIC = NO;
				GCC_OPTIMIZATION_LEVEL = 0;
				GCC_PREPROCESSOR_DEFINITIONS = (
					"DEBUG=1",
					"$(inherited)",
				);
				GCC_SYMBOLS_PRIVATE_EXTERN = NO;
				GCC_WARN_64_TO_32_BIT_CONVERSION = YES;
				GCC_WARN_ABOUT_RETURN_TYPE = YES_ERROR;
				GCC_WARN_UNDECLARED_SELECTOR = YES;
				GCC_WARN_UNINITIALIZED_AUTOS = YES_AGGRESSIVE;
				GCC_WARN_UNUSED_FUNCTION = YES;
				GCC_WARN_UNUSED_VARIABLE = YES;
				IPHONEOS_DEPLOYMENT_TARGET = 8.1;
				MTL_ENABLE_DEBUG_INFO = YES;
				ONLY_ACTIVE_ARCH = YES;
				SDKROOT = iphoneos;
				SWIFT_OPTIMIZATION_LEVEL = "-Onone";
				TARGETED_DEVICE_FAMILY = "1,2";
			};
			name = Debug;
		};
		98A223A51A08DAC600ABE179 /* Release */ = {
			isa = XCBuildConfiguration;
			buildSettings = {
				ALWAYS_SEARCH_USER_PATHS = NO;
				CLANG_CXX_LANGUAGE_STANDARD = "gnu++0x";
				CLANG_CXX_LIBRARY = "libc++";
				CLANG_ENABLE_MODULES = YES;
				CLANG_ENABLE_OBJC_ARC = YES;
				CLANG_WARN_BOOL_CONVERSION = YES;
				CLANG_WARN_CONSTANT_CONVERSION = YES;
				CLANG_WARN_DIRECT_OBJC_ISA_USAGE = YES_ERROR;
				CLANG_WARN_EMPTY_BODY = YES;
				CLANG_WARN_ENUM_CONVERSION = YES;
				CLANG_WARN_INT_CONVERSION = YES;
				CLANG_WARN_OBJC_ROOT_CLASS = YES_ERROR;
				CLANG_WARN_UNREACHABLE_CODE = YES;
				CLANG_WARN__DUPLICATE_METHOD_MATCH = YES;
				"CODE_SIGN_IDENTITY[sdk=iphoneos*]" = "iPhone Developer";
				COPY_PHASE_STRIP = YES;
				ENABLE_NS_ASSERTIONS = NO;
				ENABLE_STRICT_OBJC_MSGSEND = YES;
				GCC_C_LANGUAGE_STANDARD = gnu99;
				GCC_WARN_64_TO_32_BIT_CONVERSION = YES;
				GCC_WARN_ABOUT_RETURN_TYPE = YES_ERROR;
				GCC_WARN_UNDECLARED_SELECTOR = YES;
				GCC_WARN_UNINITIALIZED_AUTOS = YES_AGGRESSIVE;
				GCC_WARN_UNUSED_FUNCTION = YES;
				GCC_WARN_UNUSED_VARIABLE = YES;
				IPHONEOS_DEPLOYMENT_TARGET = 8.1;
				MTL_ENABLE_DEBUG_INFO = NO;
				SDKROOT = iphoneos;
				TARGETED_DEVICE_FAMILY = "1,2";
				VALIDATE_PRODUCT = YES;
			};
			name = Release;
		};
		98A223A71A08DAC600ABE179 /* Debug */ = {
			isa = XCBuildConfiguration;
			buildSettings = {
				ASSETCATALOG_COMPILER_APPICON_NAME = AppIcon;
				INFOPLIST_FILE = Postcard/Info.plist;
				LD_RUNPATH_SEARCH_PATHS = "$(inherited) @executable_path/Frameworks";
				PRODUCT_NAME = "$(TARGET_NAME)";
			};
			name = Debug;
		};
		98A223A81A08DAC600ABE179 /* Release */ = {
			isa = XCBuildConfiguration;
			buildSettings = {
				ASSETCATALOG_COMPILER_APPICON_NAME = AppIcon;
				INFOPLIST_FILE = Postcard/Info.plist;
				LD_RUNPATH_SEARCH_PATHS = "$(inherited) @executable_path/Frameworks";
				PRODUCT_NAME = "$(TARGET_NAME)";
			};
			name = Release;
		};
		98A223AA1A08DAC600ABE179 /* Debug */ = {
			isa = XCBuildConfiguration;
			buildSettings = {
				BUNDLE_LOADER = "$(TEST_HOST)";
				FRAMEWORK_SEARCH_PATHS = (
					"$(SDKROOT)/Developer/Library/Frameworks",
					"$(inherited)",
				);
				GCC_PREPROCESSOR_DEFINITIONS = (
					"DEBUG=1",
					"$(inherited)",
				);
				INFOPLIST_FILE = PostcardTests/Info.plist;
				LD_RUNPATH_SEARCH_PATHS = "$(inherited) @executable_path/Frameworks @loader_path/Frameworks";
				PRODUCT_NAME = "$(TARGET_NAME)";
				TEST_HOST = "$(BUILT_PRODUCTS_DIR)/Postcard.app/Postcard";
			};
			name = Debug;
		};
		98A223AB1A08DAC600ABE179 /* Release */ = {
			isa = XCBuildConfiguration;
			buildSettings = {
				BUNDLE_LOADER = "$(TEST_HOST)";
				FRAMEWORK_SEARCH_PATHS = (
					"$(SDKROOT)/Developer/Library/Frameworks",
					"$(inherited)",
				);
				INFOPLIST_FILE = PostcardTests/Info.plist;
				LD_RUNPATH_SEARCH_PATHS = "$(inherited) @executable_path/Frameworks @loader_path/Frameworks";
				PRODUCT_NAME = "$(TARGET_NAME)";
				TEST_HOST = "$(BUILT_PRODUCTS_DIR)/Postcard.app/Postcard";
			};
			name = Release;
		};
/* End XCBuildConfiguration section */

/* Begin XCConfigurationList section */
		98A223821A08DAC600ABE179 /* Build configuration list for PBXProject "Postcard" */ = {
			isa = XCConfigurationList;
			buildConfigurations = (
				98A223A41A08DAC600ABE179 /* Debug */,
				98A223A51A08DAC600ABE179 /* Release */,
			);
			defaultConfigurationIsVisible = 0;
			defaultConfigurationName = Release;
		};
		98A223A61A08DAC600ABE179 /* Build configuration list for PBXNativeTarget "Postcard" */ = {
			isa = XCConfigurationList;
			buildConfigurations = (
				98A223A71A08DAC600ABE179 /* Debug */,
				98A223A81A08DAC600ABE179 /* Release */,
			);
			defaultConfigurationIsVisible = 0;
		};
		98A223A91A08DAC600ABE179 /* Build configuration list for PBXNativeTarget "PostcardTests" */ = {
			isa = XCConfigurationList;
			buildConfigurations = (
				98A223AA1A08DAC600ABE179 /* Debug */,
				98A223AB1A08DAC600ABE179 /* Release */,
			);
			defaultConfigurationIsVisible = 0;
		};
/* End XCConfigurationList section */
	};
	rootObject = 98A2237F1A08DAC600ABE179 /* Project object */;
}
